
Microsoft Visual Studio Solution File, Format Version 12.00
# Visual Studio Version 16
VisualStudioVersion = 16.0.30804.86
MinimumVisualStudioVersion = 10.0.40219.1
Project("{FAE04EC0-301F-11D3-BF4B-00C04F79EFBC}") = "db_assignment_2", "db_assignment_2.csproj", "{B2BAC185-3FC8-420C-8B95-30108DEC257A}"
EndProject
Global
	GlobalSection(SolutionConfigurationPlatforms) = preSolution
		Debug|Any CPU = Debug|Any CPU
		Release|Any CPU = Release|Any CPU
	EndGlobalSection
	GlobalSection(ProjectConfigurationPlatforms) = postSolution
		{B2BAC185-3FC8-420C-8B95-30108DEC257A}.Debug|Any CPU.ActiveCfg = Debug|Any CPU
		{B2BAC185-3FC8-420C-8B95-30108DEC257A}.Debug|Any CPU.Build.0 = Debug|Any CPU
		{B2BAC185-3FC8-420C-8B95-30108DEC257A}.Release|Any CPU.ActiveCfg = Release|Any CPU
		{B2BAC185-3FC8-420C-8B95-30108DEC257A}.Release|Any CPU.Build.0 = Release|Any CPU
	EndGlobalSection
	GlobalSection(SolutionProperties) = preSolution
		HideSolutionNode = FALSE
	EndGlobalSection
	GlobalSection(ExtensibilityGlobals) = postSolution
		SolutionGuid = {63612FBD-AB92-4291-BBC5-C1BA95B6C899}
	EndGlobalSection
EndGlobal
